{
  "nodes": {
    "gomod2nix": {
      "inputs": {
        "nixpkgs": [
          "nixpkgs"
        ],
        "utils": [
          "utils"
        ]
      },
      "locked": {
        "lastModified": 1677459247,
        "narHash": "sha256-JbakfAiPYmCCV224yAMq/XO0udN5coWv/oazblMKdoY=",
        "owner": "nix-community",
        "repo": "gomod2nix",
        "rev": "3cbf3a51fe32e2f57af4c52744e7228bab22983d",
        "type": "github"
      },
      "original": {
        "owner": "nix-community",
        "repo": "gomod2nix",
        "type": "github"
      }
    },
    "nixpkgs": {
      "locked": {
        "lastModified": 1683082554,
        "narHash": "sha256-emO6mChgdBi4RwchtCCtAkvFf/OSkMyOQMqk6EZEPJA=",
        "owner": "NixOS",
        "repo": "nixpkgs",
        "rev": "0d373d5af960504dd60c3d06c65e553b36ef29d8",
        "type": "github"
      },
      "original": {
        "id": "nixpkgs",
        "type": "indirect"
      }
    },
    "root": {
      "inputs": {
        "gomod2nix": "gomod2nix",
        "nixpkgs": "nixpkgs",
        "utils": "utils"
      }
    },
    "systems": {
      "locked": {
        "lastModified": 1681028828,
        "narHash": "sha256-Vy1rq5AaRuLzOxct8nz4T6wlgyUR7zLU309k9mBC768=",
        "owner": "nix-systems",
        "repo": "default",
        "rev": "da67096a3b9bf56a91d16901293e51ba5b49a27e",
        "type": "github"
      },
      "original": {
        "owner": "nix-systems",
        "repo": "default",
        "type": "github"
      }
    },
    "utils": {
      "inputs": {
        "systems": "systems"
      },
      "locked": {
        "lastModified": 1681202837,
        "narHash": "sha256-H+Rh19JDwRtpVPAWp64F+rlEtxUWBAQW28eAi3SRSzg=",
        "owner": "numtide",
        "repo": "flake-utils",
        "rev": "cfacdce06f30d2b68473a46042957675eebb3401",
        "type": "github"
      },
      "original": {
        "owner": "numtide",
        "repo": "flake-utils",
        "type": "github"
      }
    }
  },
  "root": "root",
  "version": 7
}
